
Microsoft Visual Studio Solution File, Format Version 12.00
# Visual Studio Version 16
VisualStudioVersion = 25.0.1705.3
MinimumVisualStudioVersion = 10.0.40219.1
Project("{FAE04EC0-301F-11D3-BF4B-00C04F79EFBC}") = "BookList", "BookList\BookList.csproj", "{397261E1-03FE-4B54-99E3-4AA4D91D3981}"
EndProject
Project("{FAE04EC0-301F-11D3-BF4B-00C04F79EFBC}") = "BookListLibrary", "BookListLibrary\BookListLibrary.csproj", "{BA83DBFD-BEC9-4DA7-A73E-611EAE5A79CE}"
EndProject
Project("{FAE04EC0-301F-11D3-BF4B-00C04F79EFBC}") = "BookListTest", "BookListTest\BookListTest.csproj", "{99CFF24B-8E18-4380-9353-C6065E100C41}"
EndProject
Project("{FAE04EC0-301F-11D3-BF4B-00C04F79EFBC}") = "BookListXunit", "BookListXunit\BookListXunit.csproj", "{8650C3DF-C19C-460F-B8C5-18BC68DCDE72}"
EndProject
Project("{FAE04EC0-301F-11D3-BF4B-00C04F79EFBC}") = "BookListAPI", "BookListAPI\BookListAPI.csproj", "{35871C75-4A18-40C9-A006-8BBA3ADBD222}"
EndProject
Global
	GlobalSection(SolutionConfigurationPlatforms) = preSolution
		Debug|Any CPU = Debug|Any CPU
		Release|Any CPU = Release|Any CPU
	EndGlobalSection
	GlobalSection(ProjectConfigurationPlatforms) = postSolution
		{397261E1-03FE-4B54-99E3-4AA4D91D3981}.Debug|Any CPU.ActiveCfg = Debug|Any CPU
		{397261E1-03FE-4B54-99E3-4AA4D91D3981}.Debug|Any CPU.Build.0 = Debug|Any CPU
		{397261E1-03FE-4B54-99E3-4AA4D91D3981}.Release|Any CPU.ActiveCfg = Release|Any CPU
		{397261E1-03FE-4B54-99E3-4AA4D91D3981}.Release|Any CPU.Build.0 = Release|Any CPU
		{BA83DBFD-BEC9-4DA7-A73E-611EAE5A79CE}.Debug|Any CPU.ActiveCfg = Debug|Any CPU
		{BA83DBFD-BEC9-4DA7-A73E-611EAE5A79CE}.Debug|Any CPU.Build.0 = Debug|Any CPU
		{BA83DBFD-BEC9-4DA7-A73E-611EAE5A79CE}.Release|Any CPU.ActiveCfg = Release|Any CPU
		{BA83DBFD-BEC9-4DA7-A73E-611EAE5A79CE}.Release|Any CPU.Build.0 = Release|Any CPU
		{99CFF24B-8E18-4380-9353-C6065E100C41}.Debug|Any CPU.ActiveCfg = Debug|Any CPU
		{99CFF24B-8E18-4380-9353-C6065E100C41}.Debug|Any CPU.Build.0 = Debug|Any CPU
		{99CFF24B-8E18-4380-9353-C6065E100C41}.Release|Any CPU.ActiveCfg = Release|Any CPU
		{99CFF24B-8E18-4380-9353-C6065E100C41}.Release|Any CPU.Build.0 = Release|Any CPU
		{8650C3DF-C19C-460F-B8C5-18BC68DCDE72}.Debug|Any CPU.ActiveCfg = Debug|Any CPU
		{8650C3DF-C19C-460F-B8C5-18BC68DCDE72}.Debug|Any CPU.Build.0 = Debug|Any CPU
		{8650C3DF-C19C-460F-B8C5-18BC68DCDE72}.Release|Any CPU.ActiveCfg = Release|Any CPU
		{8650C3DF-C19C-460F-B8C5-18BC68DCDE72}.Release|Any CPU.Build.0 = Release|Any CPU
		{35871C75-4A18-40C9-A006-8BBA3ADBD222}.Debug|Any CPU.ActiveCfg = Debug|Any CPU
		{35871C75-4A18-40C9-A006-8BBA3ADBD222}.Debug|Any CPU.Build.0 = Debug|Any CPU
		{35871C75-4A18-40C9-A006-8BBA3ADBD222}.Release|Any CPU.ActiveCfg = Release|Any CPU
		{35871C75-4A18-40C9-A006-8BBA3ADBD222}.Release|Any CPU.Build.0 = Release|Any CPU
	EndGlobalSection
	GlobalSection(SolutionProperties) = preSolution
		HideSolutionNode = FALSE
	EndGlobalSection
	GlobalSection(ExtensibilityGlobals) = postSolution
		SolutionGuid = {4AE3D48C-CD0D-45E6-9126-00037E84451B}
	EndGlobalSection
EndGlobal
